
Microsoft Visual Studio Solution File, Format Version 12.00
# Visual Studio Version 17
VisualStudioVersion = 17.9.34622.214
MinimumVisualStudioVersion = 10.0.40219.1
Project("{FAE04EC0-301F-11D3-BF4B-00C04F79EFBC}") = "BromoAirlines", "BromoAirlines.csproj", "{EF0962D4-33DF-4655-BF30-A9C2C3E71307}"
EndProject
Global
	GlobalSection(SolutionConfigurationPlatforms) = preSolution
		Debug|Any CPU = Debug|Any CPU
		Release|Any CPU = Release|Any CPU
	EndGlobalSection
	GlobalSection(ProjectConfigurationPlatforms) = postSolution
		{EF0962D4-33DF-4655-BF30-A9C2C3E71307}.Debug|Any CPU.ActiveCfg = Debug|Any CPU
		{EF0962D4-33DF-4655-BF30-A9C2C3E71307}.Debug|Any CPU.Build.0 = Debug|Any CPU
		{EF0962D4-33DF-4655-BF30-A9C2C3E71307}.Release|Any CPU.ActiveCfg = Release|Any CPU
		{EF0962D4-33DF-4655-BF30-A9C2C3E71307}.Release|Any CPU.Build.0 = Release|Any CPU
	EndGlobalSection
	GlobalSection(SolutionProperties) = preSolution
		HideSolutionNode = FALSE
	EndGlobalSection
	GlobalSection(ExtensibilityGlobals) = postSolution
		SolutionGuid = {4984991A-4067-4C1A-9228-AF27283B0F71}
	EndGlobalSection
EndGlobal
